
Microsoft Visual Studio Solution File, Format Version 12.00
# Visual Studio Version 17
VisualStudioVersion = 17.6.33829.357
MinimumVisualStudioVersion = 10.0.40219.1
Project("{FAE04EC0-301F-11D3-BF4B-00C04F79EFBC}") = "APP", "APP\APP.csproj", "{20E1F4FC-5E52-4BBC-9A56-CDF1DCEA10E7}"
EndProject
Global
	GlobalSection(SolutionConfigurationPlatforms) = preSolution
		Debug|Any CPU = Debug|Any CPU
		Release|Any CPU = Release|Any CPU
	EndGlobalSection
	GlobalSection(ProjectConfigurationPlatforms) = postSolution
		{20E1F4FC-5E52-4BBC-9A56-CDF1DCEA10E7}.Debug|Any CPU.ActiveCfg = Debug|Any CPU
		{20E1F4FC-5E52-4BBC-9A56-CDF1DCEA10E7}.Debug|Any CPU.Build.0 = Debug|Any CPU
		{20E1F4FC-5E52-4BBC-9A56-CDF1DCEA10E7}.Release|Any CPU.ActiveCfg = Release|Any CPU
		{20E1F4FC-5E52-4BBC-9A56-CDF1DCEA10E7}.Release|Any CPU.Build.0 = Release|Any CPU
	EndGlobalSection
	GlobalSection(SolutionProperties) = preSolution
		HideSolutionNode = FALSE
	EndGlobalSection
	GlobalSection(ExtensibilityGlobals) = postSolution
		SolutionGuid = {A93C40A2-9544-4456-B4B1-8B5196784620}
	EndGlobalSection
EndGlobal
